// !$*UTF8*$!
{
	archiveVersion = 1;
	classes = {
	};
	objectVersion = 77;
	objects = {

/* Begin PBXBuildFile section */
		00C8EA3C71BCBA94790319E2 /* Preview Assets.xcassets in Resources */ = {isa = PBXBuildFile; fileRef = E916C8EA354401A3DF91DF30 /* Preview Assets.xcassets */; };
		06E90E0CB164BB00EB07CC8E /* GameSetupView.swift in Sources */ = {isa = PBXBuildFile; fileRef = 5D91965C586CEAF9D0CB568E /* GameSetupView.swift */; };
		0DD6F27121986F9E7B9DF986 /* Assets.xcassets in Resources */ = {isa = PBXBuildFile; fileRef = 8F5B0A713B5644EC4BE03CE5 /* Assets.xcassets */; };
		16945907E61C5FBAE21762DB /* ModelTests.swift in Sources */ = {isa = PBXBuildFile; fileRef = BA08B590A64904E2700DB0A1 /* ModelTests.swift */; };
		1ED003151F1D6A6FAECB87D5 /* ScoringEngineTests.swift in Sources */ = {isa = PBXBuildFile; fileRef = D0364D8F8D393D66F595A390 /* ScoringEngineTests.swift */; };
		296B573405A0B1FA23D6E4D1 /* DismissFlow.swift in Sources */ = {isa = PBXBuildFile; fileRef = 99B8CE79C47816843505B7A9 /* DismissFlow.swift */; };
		319F59281608A85C9E1A4C29 /* AvatarColorPicker.swift in Sources */ = {isa = PBXBuildFile; fileRef = FA5E4EE00609A6A08678AAFA /* AvatarColorPicker.swift */; };
		35564D4DD1C035AC47D3C152 /* ScoringGameTests.swift in Sources */ = {isa = PBXBuildFile; fileRef = F3364F1AAE9FCEE4B37DF065 /* ScoringGameTests.swift */; };
		402857AE21A070278F2D9EF0 /* ScoringEngine.swift in Sources */ = {isa = PBXBuildFile; fileRef = 3E6C67F5E3EE0978D663EDD9 /* ScoringEngine.swift */; };
		43560CE948C02ED477F45B66 /* SessionService.swift in Sources */ = {isa = PBXBuildFile; fileRef = 79806D76474F83B08C0807C4 /* SessionService.swift */; };
		465AEB2B403B2AAAAF5652BC /* Theme.swift in Sources */ = {isa = PBXBuildFile; fileRef = 65D3072F2AAC69F30E32AB14 /* Theme.swift */; };
		47130E109D4551E984FE2F27 /* PlayersView.swift in Sources */ = {isa = PBXBuildFile; fileRef = 149195FE27028FEC88DB8990 /* PlayersView.swift */; };
		4C1A13DF7C38E7886592C714 /* HomeView.swift in Sources */ = {isa = PBXBuildFile; fileRef = F26996F85A405E10461FA442 /* HomeView.swift */; };
		5513EBCAE7161B5BCA05E2BF /* PlayerAvatar.swift in Sources */ = {isa = PBXBuildFile; fileRef = 45CEF9649D577CD34F861987 /* PlayerAvatar.swift */; };
		574D1641C306CB5A80855337 /* Player.swift in Sources */ = {isa = PBXBuildFile; fileRef = 758DA2E282F8CF36AB39D3B4 /* Player.swift */; };
		5AD4A2888BD00056C4FA8E3F /* GameScoringApp.swift in Sources */ = {isa = PBXBuildFile; fileRef = F2BFB960C181BC8236EA35D0 /* GameScoringApp.swift */; };
		641998D4C05129D91A002797 /* GameRef.swift in Sources */ = {isa = PBXBuildFile; fileRef = C1C8E08BF9B831D565F1B7B6 /* GameRef.swift */; };
		7118BF3C9235DC6EE39845B8 /* ScoringView.swift in Sources */ = {isa = PBXBuildFile; fileRef = 375566FCDFEA8178326567A5 /* ScoringView.swift */; };
		769C166E45205B75E70E999D /* Timestamped.swift in Sources */ = {isa = PBXBuildFile; fileRef = 79238FE297A5D0DE7A4FE93D /* Timestamped.swift */; };
		7A47309872B68D1C0CA47414 /* SevenWonders.swift in Sources */ = {isa = PBXBuildFile; fileRef = C384B5FF0B6DD42B5E623BDC /* SevenWonders.swift */; };
		82D2CFF7968CE72F8EE08A8C /* StandingsView.swift in Sources */ = {isa = PBXBuildFile; fileRef = 8A8B3D7B568C270634498AAA /* StandingsView.swift */; };
		8BED0F10E70701BAB09F8E48 /* PlaceholderView.swift in Sources */ = {isa = PBXBuildFile; fileRef = F9B413E0FD9D663817D0BC3C /* PlaceholderView.swift */; };
		8C2A4A53A032B3844A379BFF /* Wingspan.swift in Sources */ = {isa = PBXBuildFile; fileRef = 66BB7449D3D2B2410193DF65 /* Wingspan.swift */; };
		95E495638C6E929CC168B981 /* GameSession.swift in Sources */ = {isa = PBXBuildFile; fileRef = B587D7FD8F8542D66DA7D2F9 /* GameSession.swift */; };
		A0648CBD51BAB1BC7F893493 /* AddPlayerSheet.swift in Sources */ = {isa = PBXBuildFile; fileRef = 24CE7E7FE12CF6A865256E84 /* AddPlayerSheet.swift */; };
		ACF83005B92CCD98ADABC9DE /* RankingService.swift in Sources */ = {isa = PBXBuildFile; fileRef = FD352842982AC481789478C9 /* RankingService.swift */; };
		C01539F7DCDA5DF17A2C86FE /* RankingServiceTests.swift in Sources */ = {isa = PBXBuildFile; fileRef = 07359F7DB8D6F8A97B08B78A /* RankingServiceTests.swift */; };
		C0FBB0A3E0A86D0081C60B9F /* ContentView.swift in Sources */ = {isa = PBXBuildFile; fileRef = 2A8D033452FCFDCCED806A57 /* ContentView.swift */; };
		D292B0C108E0430B06159920 /* HistoryStats.swift in Sources */ = {isa = PBXBuildFile; fileRef = 1FD1AAC073BA92ADE3E70813 /* HistoryStats.swift */; };
		D61F945ECF4A9CCF7A074407 /* HistoryView.swift in Sources */ = {isa = PBXBuildFile; fileRef = 5C913CC29EBC94CE97BE6E86 /* HistoryView.swift */; };
		D82E48D2F3F3A293D660EAAB /* PlayerScore.swift in Sources */ = {isa = PBXBuildFile; fileRef = F91E122160F677C6AE12AF14 /* PlayerScore.swift */; };
		DA65E3C59D60993F6B04B4D9 /* ScoringGame.swift in Sources */ = {isa = PBXBuildFile; fileRef = 2129A09D2F6B139DD87842B3 /* ScoringGame.swift */; };
		E5B3AA0BEE351B5B8417752C /* ShelfView.swift in Sources */ = {isa = PBXBuildFile; fileRef = 4BC368A2E537F358A728C03B /* ShelfView.swift */; };
		EAACE68B758DE60D6E5DC51B /* ResultsView.swift in Sources */ = {isa = PBXBuildFile; fileRef = 5B86E45488C7978D9B83B007 /* ResultsView.swift */; };
		F2FB7AEEB8E7B2C0C719EB7E /* HistoryStatsTests.swift in Sources */ = {isa = PBXBuildFile; fileRef = 4F94A7378E2D17CEA003D762 /* HistoryStatsTests.swift */; };
		FA8201545B75F95296638E71 /* SessionServiceTests.swift in Sources */ = {isa = PBXBuildFile; fileRef = D0E3A47096F1EF36B444043E /* SessionServiceTests.swift */; };
		FBF5AE0215C2F6C60F5C06B3 /* GameRegistry.swift in Sources */ = {isa = PBXBuildFile; fileRef = 146285DCA89B87F55B67EAD4 /* GameRegistry.swift */; };
/* End PBXBuildFile section */

/* Begin PBXContainerItemProxy section */
		EBE8926F1B9113EF431355A0 /* PBXContainerItemProxy */ = {
			isa = PBXContainerItemProxy;
			containerPortal = 021B30C890F184A9E0C11433 /* Project object */;
			proxyType = 1;
			remoteGlobalIDString = ED652ED8522C4F3DCCDC12A1;
			remoteInfo = GameScoring;
		};
/* End PBXContainerItemProxy section */

/* Begin PBXFileReference section */
		07359F7DB8D6F8A97B08B78A /* RankingServiceTests.swift */ = {isa = PBXFileReference; lastKnownFileType = sourcecode.swift; path = RankingServiceTests.swift; sourceTree = "<group>"; };
		0D83095F229D4EE6364B7E48 /* GameScoringTests.xctest */ = {isa = PBXFileReference; includeInIndex = 0; lastKnownFileType = wrapper.cfbundle; path = GameScoringTests.xctest; sourceTree = BUILT_PRODUCTS_DIR; };
		146285DCA89B87F55B67EAD4 /* GameRegistry.swift */ = {isa = PBXFileReference; lastKnownFileType = sourcecode.swift; path = GameRegistry.swift; sourceTree = "<group>"; };
		149195FE27028FEC88DB8990 /* PlayersView.swift */ = {isa = PBXFileReference; lastKnownFileType = sourcecode.swift; path = PlayersView.swift; sourceTree = "<group>"; };
		1FD1AAC073BA92ADE3E70813 /* HistoryStats.swift */ = {isa = PBXFileReference; lastKnownFileType = sourcecode.swift; path = HistoryStats.swift; sourceTree = "<group>"; };
		2129A09D2F6B139DD87842B3 /* ScoringGame.swift */ = {isa = PBXFileReference; lastKnownFileType = sourcecode.swift; path = ScoringGame.swift; sourceTree = "<group>"; };
		24CE7E7FE12CF6A865256E84 /* AddPlayerSheet.swift */ = {isa = PBXFileReference; lastKnownFileType = sourcecode.swift; path = AddPlayerSheet.swift; sourceTree = "<group>"; };
		2A8D033452FCFDCCED806A57 /* ContentView.swift */ = {isa = PBXFileReference; lastKnownFileType = sourcecode.swift; path = ContentView.swift; sourceTree = "<group>"; };
		375566FCDFEA8178326567A5 /* ScoringView.swift */ = {isa = PBXFileReference; lastKnownFileType = sourcecode.swift; path = ScoringView.swift; sourceTree = "<group>"; };
		3E6C67F5E3EE0978D663EDD9 /* ScoringEngine.swift */ = {isa = PBXFileReference; lastKnownFileType = sourcecode.swift; path = ScoringEngine.swift; sourceTree = "<group>"; };
		45CEF9649D577CD34F861987 /* PlayerAvatar.swift */ = {isa = PBXFileReference; lastKnownFileType = sourcecode.swift; path = PlayerAvatar.swift; sourceTree = "<group>"; };
		4BC368A2E537F358A728C03B /* ShelfView.swift */ = {isa = PBXFileReference; lastKnownFileType = sourcecode.swift; path = ShelfView.swift; sourceTree = "<group>"; };
		4F94A7378E2D17CEA003D762 /* HistoryStatsTests.swift */ = {isa = PBXFileReference; lastKnownFileType = sourcecode.swift; path = HistoryStatsTests.swift; sourceTree = "<group>"; };
		5337AA95A57163C3F09F925E /* GameScoring.app */ = {isa = PBXFileReference; includeInIndex = 0; lastKnownFileType = wrapper.application; path = GameScoring.app; sourceTree = BUILT_PRODUCTS_DIR; };
		5B86E45488C7978D9B83B007 /* ResultsView.swift */ = {isa = PBXFileReference; lastKnownFileType = sourcecode.swift; path = ResultsView.swift; sourceTree = "<group>"; };
		5C913CC29EBC94CE97BE6E86 /* HistoryView.swift */ = {isa = PBXFileReference; lastKnownFileType = sourcecode.swift; path = HistoryView.swift; sourceTree = "<group>"; };
		5D91965C586CEAF9D0CB568E /* GameSetupView.swift */ = {isa = PBXFileReference; lastKnownFileType = sourcecode.swift; path = GameSetupView.swift; sourceTree = "<group>"; };
		65D3072F2AAC69F30E32AB14 /* Theme.swift */ = {isa = PBXFileReference; lastKnownFileType = sourcecode.swift; path = Theme.swift; sourceTree = "<group>"; };
		66BB7449D3D2B2410193DF65 /* Wingspan.swift */ = {isa = PBXFileReference; lastKnownFileType = sourcecode.swift; path = Wingspan.swift; sourceTree = "<group>"; };
		758DA2E282F8CF36AB39D3B4 /* Player.swift */ = {isa = PBXFileReference; lastKnownFileType = sourcecode.swift; path = Player.swift; sourceTree = "<group>"; };
		79238FE297A5D0DE7A4FE93D /* Timestamped.swift */ = {isa = PBXFileReference; lastKnownFileType = sourcecode.swift; path = Timestamped.swift; sourceTree = "<group>"; };
		79806D76474F83B08C0807C4 /* SessionService.swift */ = {isa = PBXFileReference; lastKnownFileType = sourcecode.swift; path = SessionService.swift; sourceTree = "<group>"; };
		8A8B3D7B568C270634498AAA /* StandingsView.swift */ = {isa = PBXFileReference; lastKnownFileType = sourcecode.swift; path = StandingsView.swift; sourceTree = "<group>"; };
		8F5B0A713B5644EC4BE03CE5 /* Assets.xcassets */ = {isa = PBXFileReference; lastKnownFileType = folder.assetcatalog; path = Assets.xcassets; sourceTree = "<group>"; };
		99B8CE79C47816843505B7A9 /* DismissFlow.swift */ = {isa = PBXFileReference; lastKnownFileType = sourcecode.swift; path = DismissFlow.swift; sourceTree = "<group>"; };
		B587D7FD8F8542D66DA7D2F9 /* GameSession.swift */ = {isa = PBXFileReference; lastKnownFileType = sourcecode.swift; path = GameSession.swift; sourceTree = "<group>"; };
		BA08B590A64904E2700DB0A1 /* ModelTests.swift */ = {isa = PBXFileReference; lastKnownFileType = sourcecode.swift; path = ModelTests.swift; sourceTree = "<group>"; };
		C1C8E08BF9B831D565F1B7B6 /* GameRef.swift */ = {isa = PBXFileReference; lastKnownFileType = sourcecode.swift; path = GameRef.swift; sourceTree = "<group>"; };
		C384B5FF0B6DD42B5E623BDC /* SevenWonders.swift */ = {isa = PBXFileReference; lastKnownFileType = sourcecode.swift; path = SevenWonders.swift; sourceTree = "<group>"; };
		D0364D8F8D393D66F595A390 /* ScoringEngineTests.swift */ = {isa = PBXFileReference; lastKnownFileType = sourcecode.swift; path = ScoringEngineTests.swift; sourceTree = "<group>"; };
		D0E3A47096F1EF36B444043E /* SessionServiceTests.swift */ = {isa = PBXFileReference; lastKnownFileType = sourcecode.swift; path = SessionServiceTests.swift; sourceTree = "<group>"; };
		E916C8EA354401A3DF91DF30 /* Preview Assets.xcassets */ = {isa = PBXFileReference; lastKnownFileType = folder.assetcatalog; path = "Preview Assets.xcassets"; sourceTree = "<group>"; };
		F26996F85A405E10461FA442 /* HomeView.swift */ = {isa = PBXFileReference; lastKnownFileType = sourcecode.swift; path = HomeView.swift; sourceTree = "<group>"; };
		F2BFB960C181BC8236EA35D0 /* GameScoringApp.swift */ = {isa = PBXFileReference; lastKnownFileType = sourcecode.swift; path = GameScoringApp.swift; sourceTree = "<group>"; };
		F3364F1AAE9FCEE4B37DF065 /* ScoringGameTests.swift */ = {isa = PBXFileReference; lastKnownFileType = sourcecode.swift; path = ScoringGameTests.swift; sourceTree = "<group>"; };
		F91E122160F677C6AE12AF14 /* PlayerScore.swift */ = {isa = PBXFileReference; lastKnownFileType = sourcecode.swift; path = PlayerScore.swift; sourceTree = "<group>"; };
		F9B413E0FD9D663817D0BC3C /* PlaceholderView.swift */ = {isa = PBXFileReference; lastKnownFileType = sourcecode.swift; path = PlaceholderView.swift; sourceTree = "<group>"; };
		FA5E4EE00609A6A08678AAFA /* AvatarColorPicker.swift */ = {isa = PBXFileReference; lastKnownFileType = sourcecode.swift; path = AvatarColorPicker.swift; sourceTree = "<group>"; };
		FD352842982AC481789478C9 /* RankingService.swift */ = {isa = PBXFileReference; lastKnownFileType = sourcecode.swift; path = RankingService.swift; sourceTree = "<group>"; };
/* End PBXFileReference section */

/* Begin PBXGroup section */
		09334E7A56BF447D306FC93E /* GameScoring */ = {
			isa = PBXGroup;
			children = (
				8F5B0A713B5644EC4BE03CE5 /* Assets.xcassets */,
				2A8D033452FCFDCCED806A57 /* ContentView.swift */,
				F2BFB960C181BC8236EA35D0 /* GameScoringApp.swift */,
				D17858741423B9ADFD8BC0B8 /* Design */,
				D9CC803F85E85D2B208A5F8F /* Games */,
				BAEF1BC191103226EE7B0596 /* Models */,
				C3FC82652E9124255755B67C /* Preview Content */,
				985D817A81771DE240EDCD1E /* Views */,
			);
			path = GameScoring;
			sourceTree = "<group>";
		};
		0C69A187EEAAEF79CA9481CA /* GameScoringTests */ = {
			isa = PBXGroup;
			children = (
				4F94A7378E2D17CEA003D762 /* HistoryStatsTests.swift */,
				BA08B590A64904E2700DB0A1 /* ModelTests.swift */,
				07359F7DB8D6F8A97B08B78A /* RankingServiceTests.swift */,
				D0364D8F8D393D66F595A390 /* ScoringEngineTests.swift */,
				F3364F1AAE9FCEE4B37DF065 /* ScoringGameTests.swift */,
				D0E3A47096F1EF36B444043E /* SessionServiceTests.swift */,
			);
			path = GameScoringTests;
			sourceTree = "<group>";
		};
		50FE62C88C2B463495A60BED /* Products */ = {
			isa = PBXGroup;
			children = (
				5337AA95A57163C3F09F925E /* GameScoring.app */,
				0D83095F229D4EE6364B7E48 /* GameScoringTests.xctest */,
			);
			name = Products;
			sourceTree = "<group>";
		};
		86763920BBF91825C856F374 = {
			isa = PBXGroup;
			children = (
				09334E7A56BF447D306FC93E /* GameScoring */,
				0C69A187EEAAEF79CA9481CA /* GameScoringTests */,
				50FE62C88C2B463495A60BED /* Products */,
			);
			sourceTree = "<group>";
		};
		985D817A81771DE240EDCD1E /* Views */ = {
			isa = PBXGroup;
			children = (
				24CE7E7FE12CF6A865256E84 /* AddPlayerSheet.swift */,
				FA5E4EE00609A6A08678AAFA /* AvatarColorPicker.swift */,
				C1C8E08BF9B831D565F1B7B6 /* GameRef.swift */,
				5D91965C586CEAF9D0CB568E /* GameSetupView.swift */,
				5C913CC29EBC94CE97BE6E86 /* HistoryView.swift */,
				F26996F85A405E10461FA442 /* HomeView.swift */,
				45CEF9649D577CD34F861987 /* PlayerAvatar.swift */,
				149195FE27028FEC88DB8990 /* PlayersView.swift */,
				5B86E45488C7978D9B83B007 /* ResultsView.swift */,
				375566FCDFEA8178326567A5 /* ScoringView.swift */,
				4BC368A2E537F358A728C03B /* ShelfView.swift */,
				8A8B3D7B568C270634498AAA /* StandingsView.swift */,
			);
			path = Views;
			sourceTree = "<group>";
		};
		BAEF1BC191103226EE7B0596 /* Models */ = {
			isa = PBXGroup;
			children = (
				B587D7FD8F8542D66DA7D2F9 /* GameSession.swift */,
				758DA2E282F8CF36AB39D3B4 /* Player.swift */,
				F91E122160F677C6AE12AF14 /* PlayerScore.swift */,
				79238FE297A5D0DE7A4FE93D /* Timestamped.swift */,
			);
			path = Models;
			sourceTree = "<group>";
		};
		C3FC82652E9124255755B67C /* Preview Content */ = {
			isa = PBXGroup;
			children = (
				E916C8EA354401A3DF91DF30 /* Preview Assets.xcassets */,
			);
			path = "Preview Content";
			sourceTree = "<group>";
		};
		D17858741423B9ADFD8BC0B8 /* Design */ = {
			isa = PBXGroup;
			children = (
				99B8CE79C47816843505B7A9 /* DismissFlow.swift */,
				F9B413E0FD9D663817D0BC3C /* PlaceholderView.swift */,
				65D3072F2AAC69F30E32AB14 /* Theme.swift */,
			);
			path = Design;
			sourceTree = "<group>";
		};
		D9CC803F85E85D2B208A5F8F /* Games */ = {
			isa = PBXGroup;
			children = (
				146285DCA89B87F55B67EAD4 /* GameRegistry.swift */,
				1FD1AAC073BA92ADE3E70813 /* HistoryStats.swift */,
				FD352842982AC481789478C9 /* RankingService.swift */,
				3E6C67F5E3EE0978D663EDD9 /* ScoringEngine.swift */,
				2129A09D2F6B139DD87842B3 /* ScoringGame.swift */,
				79806D76474F83B08C0807C4 /* SessionService.swift */,
				C384B5FF0B6DD42B5E623BDC /* SevenWonders.swift */,
				66BB7449D3D2B2410193DF65 /* Wingspan.swift */,
			);
			path = Games;
			sourceTree = "<group>";
		};
/* End PBXGroup section */

/* Begin PBXNativeTarget section */
		612A023876ED2EDED9F74F78 /* GameScoringTests */ = {
			isa = PBXNativeTarget;
			buildConfigurationList = 6B929280FE10829256D220FC /* Build configuration list for PBXNativeTarget "GameScoringTests" */;
			buildPhases = (
				A061A4C0DBEE7942F8F25032 /* Sources */,
			);
			buildRules = (
			);
			dependencies = (
				C5508BC0C8270C84A499539C /* PBXTargetDependency */,
			);
			name = GameScoringTests;
			packageProductDependencies = (
			);
			productName = GameScoringTests;
			productReference = 0D83095F229D4EE6364B7E48 /* GameScoringTests.xctest */;
			productType = "com.apple.product-type.bundle.unit-test";
		};
		ED652ED8522C4F3DCCDC12A1 /* GameScoring */ = {
			isa = PBXNativeTarget;
			buildConfigurationList = CA99F015A30E36F4A6B2AA68 /* Build configuration list for PBXNativeTarget "GameScoring" */;
			buildPhases = (
				47B14E5BF64FA5BD72111E07 /* Sources */,
				0F70E37C29EDDAFFE1AD96B2 /* Resources */,
			);
			buildRules = (
			);
			dependencies = (
			);
			name = GameScoring;
			packageProductDependencies = (
			);
			productName = GameScoring;
			productReference = 5337AA95A57163C3F09F925E /* GameScoring.app */;
			productType = "com.apple.product-type.application";
		};
/* End PBXNativeTarget section */

/* Begin PBXProject section */
		021B30C890F184A9E0C11433 /* Project object */ = {
			isa = PBXProject;
			attributes = {
				BuildIndependentTargetsInParallel = YES;
				LastUpgradeCheck = 1430;
				TargetAttributes = {
					ED652ED8522C4F3DCCDC12A1 = {
						DevelopmentTeam = "";
						ProvisioningStyle = Automatic;
					};
				};
			};
			buildConfigurationList = E62D3E83944E5A456E3BF877 /* Build configuration list for PBXProject "GameScoring" */;
			developmentRegion = en;
			hasScannedForEncodings = 0;
			knownRegions = (
				Base,
				en,
			);
			mainGroup = 86763920BBF91825C856F374;
			minimizedProjectReferenceProxies = 1;
			preferredProjectObjectVersion = 77;
			productRefGroup = 50FE62C88C2B463495A60BED /* Products */;
			projectDirPath = "";
			projectRoot = "";
			targets = (
				ED652ED8522C4F3DCCDC12A1 /* GameScoring */,
				612A023876ED2EDED9F74F78 /* GameScoringTests */,
			);
		};
/* End PBXProject section */

/* Begin PBXResourcesBuildPhase section */
		0F70E37C29EDDAFFE1AD96B2 /* Resources */ = {
			isa = PBXResourcesBuildPhase;
			buildActionMask = 2147483647;
			files = (
				0DD6F27121986F9E7B9DF986 /* Assets.xcassets in Resources */,
				00C8EA3C71BCBA94790319E2 /* Preview Assets.xcassets in Resources */,
			);
			runOnlyForDeploymentPostprocessing = 0;
		};
/* End PBXResourcesBuildPhase section */

/* Begin PBXSourcesBuildPhase section */
		47B14E5BF64FA5BD72111E07 /* Sources */ = {
			isa = PBXSourcesBuildPhase;
			buildActionMask = 2147483647;
			files = (
				A0648CBD51BAB1BC7F893493 /* AddPlayerSheet.swift in Sources */,
				319F59281608A85C9E1A4C29 /* AvatarColorPicker.swift in Sources */,
				C0FBB0A3E0A86D0081C60B9F /* ContentView.swift in Sources */,
				296B573405A0B1FA23D6E4D1 /* DismissFlow.swift in Sources */,
				641998D4C05129D91A002797 /* GameRef.swift in Sources */,
				FBF5AE0215C2F6C60F5C06B3 /* GameRegistry.swift in Sources */,
				5AD4A2888BD00056C4FA8E3F /* GameScoringApp.swift in Sources */,
				95E495638C6E929CC168B981 /* GameSession.swift in Sources */,
				06E90E0CB164BB00EB07CC8E /* GameSetupView.swift in Sources */,
				D292B0C108E0430B06159920 /* HistoryStats.swift in Sources */,
				D61F945ECF4A9CCF7A074407 /* HistoryView.swift in Sources */,
				4C1A13DF7C38E7886592C714 /* HomeView.swift in Sources */,
				8BED0F10E70701BAB09F8E48 /* PlaceholderView.swift in Sources */,
				574D1641C306CB5A80855337 /* Player.swift in Sources */,
				5513EBCAE7161B5BCA05E2BF /* PlayerAvatar.swift in Sources */,
				D82E48D2F3F3A293D660EAAB /* PlayerScore.swift in Sources */,
				47130E109D4551E984FE2F27 /* PlayersView.swift in Sources */,
				ACF83005B92CCD98ADABC9DE /* RankingService.swift in Sources */,
				EAACE68B758DE60D6E5DC51B /* ResultsView.swift in Sources */,
				402857AE21A070278F2D9EF0 /* ScoringEngine.swift in Sources */,
				DA65E3C59D60993F6B04B4D9 /* ScoringGame.swift in Sources */,
				7118BF3C9235DC6EE39845B8 /* ScoringView.swift in Sources */,
				43560CE948C02ED477F45B66 /* SessionService.swift in Sources */,
				7A47309872B68D1C0CA47414 /* SevenWonders.swift in Sources */,
				E5B3AA0BEE351B5B8417752C /* ShelfView.swift in Sources */,
				82D2CFF7968CE72F8EE08A8C /* StandingsView.swift in Sources */,
				465AEB2B403B2AAAAF5652BC /* Theme.swift in Sources */,
				769C166E45205B75E70E999D /* Timestamped.swift in Sources */,
				8C2A4A53A032B3844A379BFF /* Wingspan.swift in Sources */,
			);
			runOnlyForDeploymentPostprocessing = 0;
		};
		A061A4C0DBEE7942F8F25032 /* Sources */ = {
			isa = PBXSourcesBuildPhase;
			buildActionMask = 2147483647;
			files = (
				F2FB7AEEB8E7B2C0C719EB7E /* HistoryStatsTests.swift in Sources */,
				16945907E61C5FBAE21762DB /* ModelTests.swift in Sources */,
				C01539F7DCDA5DF17A2C86FE /* RankingServiceTests.swift in Sources */,
				1ED003151F1D6A6FAECB87D5 /* ScoringEngineTests.swift in Sources */,
				35564D4DD1C035AC47D3C152 /* ScoringGameTests.swift in Sources */,
				FA8201545B75F95296638E71 /* SessionServiceTests.swift in Sources */,
			);
			runOnlyForDeploymentPostprocessing = 0;
		};
/* End PBXSourcesBuildPhase section */

/* Begin PBXTargetDependency section */
		C5508BC0C8270C84A499539C /* PBXTargetDependency */ = {
			isa = PBXTargetDependency;
			target = ED652ED8522C4F3DCCDC12A1 /* GameScoring */;
			targetProxy = EBE8926F1B9113EF431355A0 /* PBXContainerItemProxy */;
		};
/* End PBXTargetDependency section */

/* Begin XCBuildConfiguration section */
		06AB0793C5646ACA07608895 /* Release */ = {
			isa = XCBuildConfiguration;
			buildSettings = {
				BUNDLE_LOADER = "$(TEST_HOST)";
				GENERATE_INFOPLIST_FILE = YES;
				LD_RUNPATH_SEARCH_PATHS = (
					"$(inherited)",
					"@executable_path/Frameworks",
					"@loader_path/Frameworks",
				);
				PRODUCT_BUNDLE_IDENTIFIER = com.toratgs.boardscore.tests;
				SDKROOT = iphoneos;
				TARGETED_DEVICE_FAMILY = "1,2";
				TEST_HOST = "$(BUILT_PRODUCTS_DIR)/GameScoring.app/$(BUNDLE_EXECUTABLE_FOLDER_PATH)/GameScoring";
			};
			name = Release;
		};
		3CF574376ACABDEEAA2B829D /* Debug */ = {
			isa = XCBuildConfiguration;
			buildSettings = {
				ALWAYS_SEARCH_USER_PATHS = NO;
				CLANG_ANALYZER_NONNULL = YES;
				CLANG_ANALYZER_NUMBER_OBJECT_CONVERSION = YES_AGGRESSIVE;
				CLANG_CXX_LANGUAGE_STANDARD = "gnu++14";
				CLANG_CXX_LIBRARY = "libc++";
				CLANG_ENABLE_MODULES = YES;
				CLANG_ENABLE_OBJC_ARC = YES;
				CLANG_ENABLE_OBJC_WEAK = YES;
				CLANG_WARN_BLOCK_CAPTURE_AUTORELEASING = YES;
				CLANG_WARN_BOOL_CONVERSION = YES;
				CLANG_WARN_COMMA = YES;
				CLANG_WARN_CONSTANT_CONVERSION = YES;
				CLANG_WARN_DEPRECATED_OBJC_IMPLEMENTATIONS = YES;
				CLANG_WARN_DIRECT_OBJC_ISA_USAGE = YES_ERROR;
				CLANG_WARN_DOCUMENTATION_COMMENTS = YES;
				CLANG_WARN_EMPTY_BODY = YES;
				CLANG_WARN_ENUM_CONVERSION = YES;
				CLANG_WARN_INFINITE_RECURSION = YES;
				CLANG_WARN_INT_CONVERSION = YES;
				CLANG_WARN_NON_LITERAL_NULL_CONVERSION = YES;
				CLANG_WARN_OBJC_IMPLICIT_RETAIN_SELF = YES;
				CLANG_WARN_OBJC_LITERAL_CONVERSION = YES;
				CLANG_WARN_OBJC_ROOT_CLASS = YES_ERROR;
				CLANG_WARN_QUOTED_INCLUDE_IN_FRAMEWORK_HEADER = YES;
				CLANG_WARN_RANGE_LOOP_ANALYSIS = YES;
				CLANG_WARN_STRICT_PROTOTYPES = YES;
				CLANG_WARN_SUSPICIOUS_MOVE = YES;
				CLANG_WARN_UNGUARDED_AVAILABILITY = YES_AGGRESSIVE;
				CLANG_WARN_UNREACHABLE_CODE = YES;
				CLANG_WARN__DUPLICATE_METHOD_MATCH = YES;
				COPY_PHASE_STRIP = NO;
				DEBUG_INFORMATION_FORMAT = dwarf;
				ENABLE_STRICT_OBJC_MSGSEND = YES;
				ENABLE_TESTABILITY = YES;
				GCC_C_LANGUAGE_STANDARD = gnu11;
				GCC_DYNAMIC_NO_PIC = NO;
				GCC_NO_COMMON_BLOCKS = YES;
				GCC_OPTIMIZATION_LEVEL = 0;
				GCC_PREPROCESSOR_DEFINITIONS = (
					"$(inherited)",
					"DEBUG=1",
				);
				GCC_WARN_64_TO_32_BIT_CONVERSION = YES;
				GCC_WARN_ABOUT_RETURN_TYPE = YES_ERROR;
				GCC_WARN_UNDECLARED_SELECTOR = YES;
				GCC_WARN_UNINITIALIZED_AUTOS = YES_AGGRESSIVE;
				GCC_WARN_UNUSED_FUNCTION = YES;
				GCC_WARN_UNUSED_VARIABLE = YES;
				IPHONEOS_DEPLOYMENT_TARGET = 26.0;
				MTL_ENABLE_DEBUG_INFO = INCLUDE_SOURCE;
				MTL_FAST_MATH = YES;
				ONLY_ACTIVE_ARCH = YES;
				PRODUCT_NAME = "$(TARGET_NAME)";
				SDKROOT = iphoneos;
				SWIFT_ACTIVE_COMPILATION_CONDITIONS = DEBUG;
				SWIFT_OPTIMIZATION_LEVEL = "-Onone";
				SWIFT_VERSION = 5.0;
			};
			name = Debug;
		};
		3DCD434EEEF1FE72D8258D3D /* Release */ = {
			isa = XCBuildConfiguration;
			buildSettings = {
				ALWAYS_SEARCH_USER_PATHS = NO;
				CLANG_ANALYZER_NONNULL = YES;
				CLANG_ANALYZER_NUMBER_OBJECT_CONVERSION = YES_AGGRESSIVE;
				CLANG_CXX_LANGUAGE_STANDARD = "gnu++14";
				CLANG_CXX_LIBRARY = "libc++";
				CLANG_ENABLE_MODULES = YES;
				CLANG_ENABLE_OBJC_ARC = YES;
				CLANG_ENABLE_OBJC_WEAK = YES;
				CLANG_WARN_BLOCK_CAPTURE_AUTORELEASING = YES;
				CLANG_WARN_BOOL_CONVERSION = YES;
				CLANG_WARN_COMMA = YES;
				CLANG_WARN_CONSTANT_CONVERSION = YES;
				CLANG_WARN_DEPRECATED_OBJC_IMPLEMENTATIONS = YES;
				CLANG_WARN_DIRECT_OBJC_ISA_USAGE = YES_ERROR;
				CLANG_WARN_DOCUMENTATION_COMMENTS = YES;
				CLANG_WARN_EMPTY_BODY = YES;
				CLANG_WARN_ENUM_CONVERSION = YES;
				CLANG_WARN_INFINITE_RECURSION = YES;
				CLANG_WARN_INT_CONVERSION = YES;
				CLANG_WARN_NON_LITERAL_NULL_CONVERSION = YES;
				CLANG_WARN_OBJC_IMPLICIT_RETAIN_SELF = YES;
				CLANG_WARN_OBJC_LITERAL_CONVERSION = YES;
				CLANG_WARN_OBJC_ROOT_CLASS = YES_ERROR;
				CLANG_WARN_QUOTED_INCLUDE_IN_FRAMEWORK_HEADER = YES;
				CLANG_WARN_RANGE_LOOP_ANALYSIS = YES;
				CLANG_WARN_STRICT_PROTOTYPES = YES;
				CLANG_WARN_SUSPICIOUS_MOVE = YES;
				CLANG_WARN_UNGUARDED_AVAILABILITY = YES_AGGRESSIVE;
				CLANG_WARN_UNREACHABLE_CODE = YES;
				CLANG_WARN__DUPLICATE_METHOD_MATCH = YES;
				COPY_PHASE_STRIP = NO;
				DEBUG_INFORMATION_FORMAT = "dwarf-with-dsym";
				ENABLE_NS_ASSERTIONS = NO;
				ENABLE_STRICT_OBJC_MSGSEND = YES;
				GCC_C_LANGUAGE_STANDARD = gnu11;
				GCC_NO_COMMON_BLOCKS = YES;
				GCC_WARN_64_TO_32_BIT_CONVERSION = YES;
				GCC_WARN_ABOUT_RETURN_TYPE = YES_ERROR;
				GCC_WARN_UNDECLARED_SELECTOR = YES;
				GCC_WARN_UNINITIALIZED_AUTOS = YES_AGGRESSIVE;
				GCC_WARN_UNUSED_FUNCTION = YES;
				GCC_WARN_UNUSED_VARIABLE = YES;
				IPHONEOS_DEPLOYMENT_TARGET = 26.0;
				MTL_ENABLE_DEBUG_INFO = NO;
				MTL_FAST_MATH = YES;
				PRODUCT_NAME = "$(TARGET_NAME)";
				SDKROOT = iphoneos;
				SWIFT_COMPILATION_MODE = wholemodule;
				SWIFT_OPTIMIZATION_LEVEL = "-O";
				SWIFT_VERSION = 5.0;
			};
			name = Release;
		};
		5CBCDC1542ED630CEC076AC1 /* Release */ = {
			isa = XCBuildConfiguration;
			buildSettings = {
				ASSETCATALOG_COMPILER_APPICON_NAME = AppIcon;
				CODE_SIGN_IDENTITY = "iPhone Developer";
				CODE_SIGN_STYLE = Automatic;
				CURRENT_PROJECT_VERSION = 1;
				DEVELOPMENT_ASSET_PATHS = "\"GameScoring/Preview Content\"";
				DEVELOPMENT_TEAM = "";
				GENERATE_INFOPLIST_FILE = YES;
				INFOPLIST_KEY_CFBundleDisplayName = BoardScore;
				INFOPLIST_KEY_UIApplicationSceneManifest_Generation = YES;
				INFOPLIST_KEY_UILaunchScreen_Generation = YES;
				INFOPLIST_KEY_UISupportedInterfaceOrientations_iPhone = UIInterfaceOrientationPortrait;
				LD_RUNPATH_SEARCH_PATHS = (
					"$(inherited)",
					"@executable_path/Frameworks",
				);
				MARKETING_VERSION = 1.0;
				PRODUCT_BUNDLE_IDENTIFIER = com.toratgs.boardscore;
				PRODUCT_NAME = GameScoring;
				SDKROOT = iphoneos;
				SWIFT_VERSION = 5.0;
				TARGETED_DEVICE_FAMILY = 1;
			};
			name = Release;
		};
		A221231569E7BB747F46D567 /* Debug */ = {
			isa = XCBuildConfiguration;
			buildSettings = {
				BUNDLE_LOADER = "$(TEST_HOST)";
				GENERATE_INFOPLIST_FILE = YES;
				LD_RUNPATH_SEARCH_PATHS = (
					"$(inherited)",
					"@executable_path/Frameworks",
					"@loader_path/Frameworks",
				);
				PRODUCT_BUNDLE_IDENTIFIER = com.toratgs.boardscore.tests;
				SDKROOT = iphoneos;
				TARGETED_DEVICE_FAMILY = "1,2";
				TEST_HOST = "$(BUILT_PRODUCTS_DIR)/GameScoring.app/$(BUNDLE_EXECUTABLE_FOLDER_PATH)/GameScoring";
			};
			name = Debug;
		};
		A6471D39E362B19A7B9945DF /* Debug */ = {
			isa = XCBuildConfiguration;
			buildSettings = {
				ASSETCATALOG_COMPILER_APPICON_NAME = AppIcon;
				CODE_SIGN_IDENTITY = "iPhone Developer";
				CODE_SIGN_STYLE = Automatic;
				CURRENT_PROJECT_VERSION = 1;
				DEVELOPMENT_ASSET_PATHS = "\"GameScoring/Preview Content\"";
				DEVELOPMENT_TEAM = "";
				GENERATE_INFOPLIST_FILE = YES;
				INFOPLIST_KEY_CFBundleDisplayName = BoardScore;
				INFOPLIST_KEY_UIApplicationSceneManifest_Generation = YES;
				INFOPLIST_KEY_UILaunchScreen_Generation = YES;
				INFOPLIST_KEY_UISupportedInterfaceOrientations_iPhone = UIInterfaceOrientationPortrait;
				LD_RUNPATH_SEARCH_PATHS = (
					"$(inherited)",
					"@executable_path/Frameworks",
				);
				MARKETING_VERSION = 1.0;
				PRODUCT_BUNDLE_IDENTIFIER = com.toratgs.boardscore;
				PRODUCT_NAME = GameScoring;
				SDKROOT = iphoneos;
				SWIFT_VERSION = 5.0;
				TARGETED_DEVICE_FAMILY = 1;
			};
			name = Debug;
		};
/* End XCBuildConfiguration section */

/* Begin XCConfigurationList section */
		6B929280FE10829256D220FC /* Build configuration list for PBXNativeTarget "GameScoringTests" */ = {
			isa = XCConfigurationList;
			buildConfigurations = (
				A221231569E7BB747F46D567 /* Debug */,
				06AB0793C5646ACA07608895 /* Release */,
			);
			defaultConfigurationIsVisible = 0;
			defaultConfigurationName = Debug;
		};
		CA99F015A30E36F4A6B2AA68 /* Build configuration list for PBXNativeTarget "GameScoring" */ = {
			isa = XCConfigurationList;
			buildConfigurations = (
				A6471D39E362B19A7B9945DF /* Debug */,
				5CBCDC1542ED630CEC076AC1 /* Release */,
			);
			defaultConfigurationIsVisible = 0;
			defaultConfigurationName = Debug;
		};
		E62D3E83944E5A456E3BF877 /* Build configuration list for PBXProject "GameScoring" */ = {
			isa = XCConfigurationList;
			buildConfigurations = (
				3CF574376ACABDEEAA2B829D /* Debug */,
				3DCD434EEEF1FE72D8258D3D /* Release */,
			);
			defaultConfigurationIsVisible = 0;
			defaultConfigurationName = Debug;
		};
/* End XCConfigurationList section */
	};
	rootObject = 021B30C890F184A9E0C11433 /* Project object */;
}
