// !$*UTF8*$!
{
	archiveVersion = 1;
	classes = {
	};
	objectVersion = 77;
	objects = {

/* Begin PBXBuildFile section */
		00C8EA3C71BCBA94790319E2 /* Preview Assets.xcassets in Resources */ = {isa = PBXBuildFile; fileRef = E916C8EA354401A3DF91DF30 /* Preview Assets.xcassets */; };
		0DD6F27121986F9E7B9DF986 /* Assets.xcassets in Resources */ = {isa = PBXBuildFile; fileRef = 8F5B0A713B5644EC4BE03CE5 /* Assets.xcassets */; };
		574D1641C306CB5A80855337 /* Player.swift in Sources */ = {isa = PBXBuildFile; fileRef = 758DA2E282F8CF36AB39D3B4 /* Player.swift */; };
		5AD4A2888BD00056C4FA8E3F /* GameScoringApp.swift in Sources */ = {isa = PBXBuildFile; fileRef = F2BFB960C181BC8236EA35D0 /* GameScoringApp.swift */; };
		769C166E45205B75E70E999D /* Timestamped.swift in Sources */ = {isa = PBXBuildFile; fileRef = 79238FE297A5D0DE7A4FE93D /* Timestamped.swift */; };
		95E495638C6E929CC168B981 /* GameSession.swift in Sources */ = {isa = PBXBuildFile; fileRef = B587D7FD8F8542D66DA7D2F9 /* GameSession.swift */; };
		C0FBB0A3E0A86D0081C60B9F /* ContentView.swift in Sources */ = {isa = PBXBuildFile; fileRef = 2A8D033452FCFDCCED806A57 /* ContentView.swift */; };
		D82E48D2F3F3A293D660EAAB /* PlayerScore.swift in Sources */ = {isa = PBXBuildFile; fileRef = F91E122160F677C6AE12AF14 /* PlayerScore.swift */; };
/* End PBXBuildFile section */

/* Begin PBXFileReference section */
		2A8D033452FCFDCCED806A57 /* ContentView.swift */ = {isa = PBXFileReference; lastKnownFileType = sourcecode.swift; path = ContentView.swift; sourceTree = "<group>"; };
		5337AA95A57163C3F09F925E /* GameScoring.app */ = {isa = PBXFileReference; includeInIndex = 0; lastKnownFileType = wrapper.application; path = GameScoring.app; sourceTree = BUILT_PRODUCTS_DIR; };
		758DA2E282F8CF36AB39D3B4 /* Player.swift */ = {isa = PBXFileReference; lastKnownFileType = sourcecode.swift; path = Player.swift; sourceTree = "<group>"; };
		79238FE297A5D0DE7A4FE93D /* Timestamped.swift */ = {isa = PBXFileReference; lastKnownFileType = sourcecode.swift; path = Timestamped.swift; sourceTree = "<group>"; };
		8F5B0A713B5644EC4BE03CE5 /* Assets.xcassets */ = {isa = PBXFileReference; lastKnownFileType = folder.assetcatalog; path = Assets.xcassets; sourceTree = "<group>"; };
		B587D7FD8F8542D66DA7D2F9 /* GameSession.swift */ = {isa = PBXFileReference; lastKnownFileType = sourcecode.swift; path = GameSession.swift; sourceTree = "<group>"; };
		E916C8EA354401A3DF91DF30 /* Preview Assets.xcassets */ = {isa = PBXFileReference; lastKnownFileType = folder.assetcatalog; path = "Preview Assets.xcassets"; sourceTree = "<group>"; };
		F2BFB960C181BC8236EA35D0 /* GameScoringApp.swift */ = {isa = PBXFileReference; lastKnownFileType = sourcecode.swift; path = GameScoringApp.swift; sourceTree = "<group>"; };
		F91E122160F677C6AE12AF14 /* PlayerScore.swift */ = {isa = PBXFileReference; lastKnownFileType = sourcecode.swift; path = PlayerScore.swift; sourceTree = "<group>"; };
/* End PBXFileReference section */

/* Begin PBXGroup section */
		09334E7A56BF447D306FC93E /* GameScoring */ = {
			isa = PBXGroup;
			children = (
				8F5B0A713B5644EC4BE03CE5 /* Assets.xcassets */,
				2A8D033452FCFDCCED806A57 /* ContentView.swift */,
				F2BFB960C181BC8236EA35D0 /* GameScoringApp.swift */,
				BAEF1BC191103226EE7B0596 /* Models */,
				C3FC82652E9124255755B67C /* Preview Content */,
			);
			path = GameScoring;
			sourceTree = "<group>";
		};
		50FE62C88C2B463495A60BED /* Products */ = {
			isa = PBXGroup;
			children = (
				5337AA95A57163C3F09F925E /* GameScoring.app */,
			);
			name = Products;
			sourceTree = "<group>";
		};
		86763920BBF91825C856F374 = {
			isa = PBXGroup;
			children = (
				09334E7A56BF447D306FC93E /* GameScoring */,
				50FE62C88C2B463495A60BED /* Products */,
			);
			sourceTree = "<group>";
		};
		BAEF1BC191103226EE7B0596 /* Models */ = {
			isa = PBXGroup;
			children = (
				B587D7FD8F8542D66DA7D2F9 /* GameSession.swift */,
				758DA2E282F8CF36AB39D3B4 /* Player.swift */,
				F91E122160F677C6AE12AF14 /* PlayerScore.swift */,
				79238FE297A5D0DE7A4FE93D /* Timestamped.swift */,
			);
			path = Models;
			sourceTree = "<group>";
		};
		C3FC82652E9124255755B67C /* Preview Content */ = {
			isa = PBXGroup;
			children = (
				E916C8EA354401A3DF91DF30 /* Preview Assets.xcassets */,
			);
			path = "Preview Content";
			sourceTree = "<group>";
		};
/* End PBXGroup section */

/* Begin PBXNativeTarget section */
		ED652ED8522C4F3DCCDC12A1 /* GameScoring */ = {
			isa = PBXNativeTarget;
			buildConfigurationList = CA99F015A30E36F4A6B2AA68 /* Build configuration list for PBXNativeTarget "GameScoring" */;
			buildPhases = (
				47B14E5BF64FA5BD72111E07 /* Sources */,
				0F70E37C29EDDAFFE1AD96B2 /* Resources */,
			);
			buildRules = (
			);
			dependencies = (
			);
			name = GameScoring;
			packageProductDependencies = (
			);
			productName = GameScoring;
			productReference = 5337AA95A57163C3F09F925E /* GameScoring.app */;
			productType = "com.apple.product-type.application";
		};
/* End PBXNativeTarget section */

/* Begin PBXProject section */
		021B30C890F184A9E0C11433 /* Project object */ = {
			isa = PBXProject;
			attributes = {
				BuildIndependentTargetsInParallel = YES;
				LastUpgradeCheck = 1430;
				TargetAttributes = {
					ED652ED8522C4F3DCCDC12A1 = {
						DevelopmentTeam = "";
						ProvisioningStyle = Automatic;
					};
				};
			};
			buildConfigurationList = E62D3E83944E5A456E3BF877 /* Build configuration list for PBXProject "GameScoring" */;
			developmentRegion = en;
			hasScannedForEncodings = 0;
			knownRegions = (
				Base,
				en,
			);
			mainGroup = 86763920BBF91825C856F374;
			minimizedProjectReferenceProxies = 1;
			preferredProjectObjectVersion = 77;
			productRefGroup = 50FE62C88C2B463495A60BED /* Products */;
			projectDirPath = "";
			projectRoot = "";
			targets = (
				ED652ED8522C4F3DCCDC12A1 /* GameScoring */,
			);
		};
/* End PBXProject section */

/* Begin PBXResourcesBuildPhase section */
		0F70E37C29EDDAFFE1AD96B2 /* Resources */ = {
			isa = PBXResourcesBuildPhase;
			buildActionMask = 2147483647;
			files = (
				0DD6F27121986F9E7B9DF986 /* Assets.xcassets in Resources */,
				00C8EA3C71BCBA94790319E2 /* Preview Assets.xcassets in Resources */,
			);
			runOnlyForDeploymentPostprocessing = 0;
		};
/* End PBXResourcesBuildPhase section */

/* Begin PBXSourcesBuildPhase section */
		47B14E5BF64FA5BD72111E07 /* Sources */ = {
			isa = PBXSourcesBuildPhase;
			buildActionMask = 2147483647;
			files = (
				C0FBB0A3E0A86D0081C60B9F /* ContentView.swift in Sources */,
				5AD4A2888BD00056C4FA8E3F /* GameScoringApp.swift in Sources */,
				95E495638C6E929CC168B981 /* GameSession.swift in Sources */,
				574D1641C306CB5A80855337 /* Player.swift in Sources */,
				D82E48D2F3F3A293D660EAAB /* PlayerScore.swift in Sources */,
				769C166E45205B75E70E999D /* Timestamped.swift in Sources */,
			);
			runOnlyForDeploymentPostprocessing = 0;
		};
/* End PBXSourcesBuildPhase section */

/* Begin XCBuildConfiguration section */
		3CF574376ACABDEEAA2B829D /* Debug */ = {
			isa = XCBuildConfiguration;
			buildSettings = {
				ALWAYS_SEARCH_USER_PATHS = NO;
				CLANG_ANALYZER_NONNULL = YES;
				CLANG_ANALYZER_NUMBER_OBJECT_CONVERSION = YES_AGGRESSIVE;
				CLANG_CXX_LANGUAGE_STANDARD = "gnu++14";
				CLANG_CXX_LIBRARY = "libc++";
				CLANG_ENABLE_MODULES = YES;
				CLANG_ENABLE_OBJC_ARC = YES;
				CLANG_ENABLE_OBJC_WEAK = YES;
				CLANG_WARN_BLOCK_CAPTURE_AUTORELEASING = YES;
				CLANG_WARN_BOOL_CONVERSION = YES;
				CLANG_WARN_COMMA = YES;
				CLANG_WARN_CONSTANT_CONVERSION = YES;
				CLANG_WARN_DEPRECATED_OBJC_IMPLEMENTATIONS = YES;
				CLANG_WARN_DIRECT_OBJC_ISA_USAGE = YES_ERROR;
				CLANG_WARN_DOCUMENTATION_COMMENTS = YES;
				CLANG_WARN_EMPTY_BODY = YES;
				CLANG_WARN_ENUM_CONVERSION = YES;
				CLANG_WARN_INFINITE_RECURSION = YES;
				CLANG_WARN_INT_CONVERSION = YES;
				CLANG_WARN_NON_LITERAL_NULL_CONVERSION = YES;
				CLANG_WARN_OBJC_IMPLICIT_RETAIN_SELF = YES;
				CLANG_WARN_OBJC_LITERAL_CONVERSION = YES;
				CLANG_WARN_OBJC_ROOT_CLASS = YES_ERROR;
				CLANG_WARN_QUOTED_INCLUDE_IN_FRAMEWORK_HEADER = YES;
				CLANG_WARN_RANGE_LOOP_ANALYSIS = YES;
				CLANG_WARN_STRICT_PROTOTYPES = YES;
				CLANG_WARN_SUSPICIOUS_MOVE = YES;
				CLANG_WARN_UNGUARDED_AVAILABILITY = YES_AGGRESSIVE;
				CLANG_WARN_UNREACHABLE_CODE = YES;
				CLANG_WARN__DUPLICATE_METHOD_MATCH = YES;
				COPY_PHASE_STRIP = NO;
				DEBUG_INFORMATION_FORMAT = dwarf;
				ENABLE_STRICT_OBJC_MSGSEND = YES;
				ENABLE_TESTABILITY = YES;
				GCC_C_LANGUAGE_STANDARD = gnu11;
				GCC_DYNAMIC_NO_PIC = NO;
				GCC_NO_COMMON_BLOCKS = YES;
				GCC_OPTIMIZATION_LEVEL = 0;
				GCC_PREPROCESSOR_DEFINITIONS = (
					"$(inherited)",
					"DEBUG=1",
				);
				GCC_WARN_64_TO_32_BIT_CONVERSION = YES;
				GCC_WARN_ABOUT_RETURN_TYPE = YES_ERROR;
				GCC_WARN_UNDECLARED_SELECTOR = YES;
				GCC_WARN_UNINITIALIZED_AUTOS = YES_AGGRESSIVE;
				GCC_WARN_UNUSED_FUNCTION = YES;
				GCC_WARN_UNUSED_VARIABLE = YES;
				IPHONEOS_DEPLOYMENT_TARGET = 26.0;
				MTL_ENABLE_DEBUG_INFO = INCLUDE_SOURCE;
				MTL_FAST_MATH = YES;
				ONLY_ACTIVE_ARCH = YES;
				PRODUCT_NAME = "$(TARGET_NAME)";
				SDKROOT = iphoneos;
				SWIFT_ACTIVE_COMPILATION_CONDITIONS = DEBUG;
				SWIFT_OPTIMIZATION_LEVEL = "-Onone";
				SWIFT_VERSION = 5.0;
			};
			name = Debug;
		};
		3DCD434EEEF1FE72D8258D3D /* Release */ = {
			isa = XCBuildConfiguration;
			buildSettings = {
				ALWAYS_SEARCH_USER_PATHS = NO;
				CLANG_ANALYZER_NONNULL = YES;
				CLANG_ANALYZER_NUMBER_OBJECT_CONVERSION = YES_AGGRESSIVE;
				CLANG_CXX_LANGUAGE_STANDARD = "gnu++14";
				CLANG_CXX_LIBRARY = "libc++";
				CLANG_ENABLE_MODULES = YES;
				CLANG_ENABLE_OBJC_ARC = YES;
				CLANG_ENABLE_OBJC_WEAK = YES;
				CLANG_WARN_BLOCK_CAPTURE_AUTORELEASING = YES;
				CLANG_WARN_BOOL_CONVERSION = YES;
				CLANG_WARN_COMMA = YES;
				CLANG_WARN_CONSTANT_CONVERSION = YES;
				CLANG_WARN_DEPRECATED_OBJC_IMPLEMENTATIONS = YES;
				CLANG_WARN_DIRECT_OBJC_ISA_USAGE = YES_ERROR;
				CLANG_WARN_DOCUMENTATION_COMMENTS = YES;
				CLANG_WARN_EMPTY_BODY = YES;
				CLANG_WARN_ENUM_CONVERSION = YES;
				CLANG_WARN_INFINITE_RECURSION = YES;
				CLANG_WARN_INT_CONVERSION = YES;
				CLANG_WARN_NON_LITERAL_NULL_CONVERSION = YES;
				CLANG_WARN_OBJC_IMPLICIT_RETAIN_SELF = YES;
				CLANG_WARN_OBJC_LITERAL_CONVERSION = YES;
				CLANG_WARN_OBJC_ROOT_CLASS = YES_ERROR;
				CLANG_WARN_QUOTED_INCLUDE_IN_FRAMEWORK_HEADER = YES;
				CLANG_WARN_RANGE_LOOP_ANALYSIS = YES;
				CLANG_WARN_STRICT_PROTOTYPES = YES;
				CLANG_WARN_SUSPICIOUS_MOVE = YES;
				CLANG_WARN_UNGUARDED_AVAILABILITY = YES_AGGRESSIVE;
				CLANG_WARN_UNREACHABLE_CODE = YES;
				CLANG_WARN__DUPLICATE_METHOD_MATCH = YES;
				COPY_PHASE_STRIP = NO;
				DEBUG_INFORMATION_FORMAT = "dwarf-with-dsym";
				ENABLE_NS_ASSERTIONS = NO;
				ENABLE_STRICT_OBJC_MSGSEND = YES;
				GCC_C_LANGUAGE_STANDARD = gnu11;
				GCC_NO_COMMON_BLOCKS = YES;
				GCC_WARN_64_TO_32_BIT_CONVERSION = YES;
				GCC_WARN_ABOUT_RETURN_TYPE = YES_ERROR;
				GCC_WARN_UNDECLARED_SELECTOR = YES;
				GCC_WARN_UNINITIALIZED_AUTOS = YES_AGGRESSIVE;
				GCC_WARN_UNUSED_FUNCTION = YES;
				GCC_WARN_UNUSED_VARIABLE = YES;
				IPHONEOS_DEPLOYMENT_TARGET = 26.0;
				MTL_ENABLE_DEBUG_INFO = NO;
				MTL_FAST_MATH = YES;
				PRODUCT_NAME = "$(TARGET_NAME)";
				SDKROOT = iphoneos;
				SWIFT_COMPILATION_MODE = wholemodule;
				SWIFT_OPTIMIZATION_LEVEL = "-O";
				SWIFT_VERSION = 5.0;
			};
			name = Release;
		};
		5CBCDC1542ED630CEC076AC1 /* Release */ = {
			isa = XCBuildConfiguration;
			buildSettings = {
				ASSETCATALOG_COMPILER_APPICON_NAME = AppIcon;
				CODE_SIGN_IDENTITY = "iPhone Developer";
				CODE_SIGN_STYLE = Automatic;
				CURRENT_PROJECT_VERSION = 1;
				DEVELOPMENT_ASSET_PATHS = "\"GameScoring/Preview Content\"";
				DEVELOPMENT_TEAM = "";
				GENERATE_INFOPLIST_FILE = YES;
				INFOPLIST_KEY_CFBundleDisplayName = BoardScore;
				INFOPLIST_KEY_UIApplicationSceneManifest_Generation = YES;
				INFOPLIST_KEY_UILaunchScreen_Generation = YES;
				INFOPLIST_KEY_UISupportedInterfaceOrientations_iPhone = UIInterfaceOrientationPortrait;
				LD_RUNPATH_SEARCH_PATHS = (
					"$(inherited)",
					"@executable_path/Frameworks",
				);
				MARKETING_VERSION = 1.0;
				PRODUCT_BUNDLE_IDENTIFIER = com.toratgs.boardscore;
				PRODUCT_NAME = GameScoring;
				SDKROOT = iphoneos;
				SWIFT_VERSION = 5.0;
				TARGETED_DEVICE_FAMILY = 1;
			};
			name = Release;
		};
		A6471D39E362B19A7B9945DF /* Debug */ = {
			isa = XCBuildConfiguration;
			buildSettings = {
				ASSETCATALOG_COMPILER_APPICON_NAME = AppIcon;
				CODE_SIGN_IDENTITY = "iPhone Developer";
				CODE_SIGN_STYLE = Automatic;
				CURRENT_PROJECT_VERSION = 1;
				DEVELOPMENT_ASSET_PATHS = "\"GameScoring/Preview Content\"";
				DEVELOPMENT_TEAM = "";
				GENERATE_INFOPLIST_FILE = YES;
				INFOPLIST_KEY_CFBundleDisplayName = BoardScore;
				INFOPLIST_KEY_UIApplicationSceneManifest_Generation = YES;
				INFOPLIST_KEY_UILaunchScreen_Generation = YES;
				INFOPLIST_KEY_UISupportedInterfaceOrientations_iPhone = UIInterfaceOrientationPortrait;
				LD_RUNPATH_SEARCH_PATHS = (
					"$(inherited)",
					"@executable_path/Frameworks",
				);
				MARKETING_VERSION = 1.0;
				PRODUCT_BUNDLE_IDENTIFIER = com.toratgs.boardscore;
				PRODUCT_NAME = GameScoring;
				SDKROOT = iphoneos;
				SWIFT_VERSION = 5.0;
				TARGETED_DEVICE_FAMILY = 1;
			};
			name = Debug;
		};
/* End XCBuildConfiguration section */

/* Begin XCConfigurationList section */
		CA99F015A30E36F4A6B2AA68 /* Build configuration list for PBXNativeTarget "GameScoring" */ = {
			isa = XCConfigurationList;
			buildConfigurations = (
				A6471D39E362B19A7B9945DF /* Debug */,
				5CBCDC1542ED630CEC076AC1 /* Release */,
			);
			defaultConfigurationIsVisible = 0;
			defaultConfigurationName = Debug;
		};
		E62D3E83944E5A456E3BF877 /* Build configuration list for PBXProject "GameScoring" */ = {
			isa = XCConfigurationList;
			buildConfigurations = (
				3CF574376ACABDEEAA2B829D /* Debug */,
				3DCD434EEEF1FE72D8258D3D /* Release */,
			);
			defaultConfigurationIsVisible = 0;
			defaultConfigurationName = Debug;
		};
/* End XCConfigurationList section */
	};
	rootObject = 021B30C890F184A9E0C11433 /* Project object */;
}
